
Microsoft Visual Studio Solution File, Format Version 12.00
# Visual Studio Version 16
VisualStudioVersion = 16.0.31025.194
MinimumVisualStudioVersion = 10.0.40219.1
Project("{FAE04EC0-301F-11D3-BF4B-00C04F79EFBC}") = "HMLambo", "HMLambo\HMLambo.csproj", "{0E83500B-C8AE-401C-AAC4-537C1D88F249}"
EndProject
Global
	GlobalSection(SolutionConfigurationPlatforms) = preSolution
		Debug|Any CPU = Debug|Any CPU
		Release|Any CPU = Release|Any CPU
	EndGlobalSection
	GlobalSection(ProjectConfigurationPlatforms) = postSolution
		{0E83500B-C8AE-401C-AAC4-537C1D88F249}.Debug|Any CPU.ActiveCfg = Debug|Any CPU
		{0E83500B-C8AE-401C-AAC4-537C1D88F249}.Debug|Any CPU.Build.0 = Debug|Any CPU
		{0E83500B-C8AE-401C-AAC4-537C1D88F249}.Release|Any CPU.ActiveCfg = Release|Any CPU
		{0E83500B-C8AE-401C-AAC4-537C1D88F249}.Release|Any CPU.Build.0 = Release|Any CPU
	EndGlobalSection
	GlobalSection(SolutionProperties) = preSolution
		HideSolutionNode = FALSE
	EndGlobalSection
	GlobalSection(ExtensibilityGlobals) = postSolution
		SolutionGuid = {6A4B773E-8984-4214-9CC4-B9F2532B50D5}
	EndGlobalSection
EndGlobal
