
Microsoft Visual Studio Solution File, Format Version 12.00
# Visual Studio Version 16
VisualStudioVersion = 16.0.31025.194
MinimumVisualStudioVersion = 10.0.40219.1
Project("{FAE04EC0-301F-11D3-BF4B-00C04F79EFBC}") = "Cercle", "Cercle\Cercle.csproj", "{21A1C299-63E1-466C-8A1A-F50834447997}"
EndProject
Global
	GlobalSection(SolutionConfigurationPlatforms) = preSolution
		Debug|Any CPU = Debug|Any CPU
		Release|Any CPU = Release|Any CPU
	EndGlobalSection
	GlobalSection(ProjectConfigurationPlatforms) = postSolution
		{21A1C299-63E1-466C-8A1A-F50834447997}.Debug|Any CPU.ActiveCfg = Debug|Any CPU
		{21A1C299-63E1-466C-8A1A-F50834447997}.Debug|Any CPU.Build.0 = Debug|Any CPU
		{21A1C299-63E1-466C-8A1A-F50834447997}.Release|Any CPU.ActiveCfg = Release|Any CPU
		{21A1C299-63E1-466C-8A1A-F50834447997}.Release|Any CPU.Build.0 = Release|Any CPU
	EndGlobalSection
	GlobalSection(SolutionProperties) = preSolution
		HideSolutionNode = FALSE
	EndGlobalSection
	GlobalSection(ExtensibilityGlobals) = postSolution
		SolutionGuid = {38F47A87-50FE-4214-B337-A3664465369B}
	EndGlobalSection
EndGlobal
